
Microsoft Visual Studio Solution File, Format Version 12.00
# Visual Studio Version 17
VisualStudioVersion = 17.14.36705.20
MinimumVisualStudioVersion = 10.0.40219.1
Project("{2150E333-8FDC-42A3-9474-1A3956D46DE8}") = "src", "src", "{02EA681E-C7D8-13C7-8484-4AC65E1B71E8}"
EndProject
Project("{2150E333-8FDC-42A3-9474-1A3956D46DE8}") = "Solution Items", "Solution Items", "{8EC462FD-D22E-90A8-E5CE-7E832BA40C5D}"
	ProjectSection(SolutionItems) = preProject
		.gitignore = .gitignore
		docker-compose.yml = docker-compose.yml
		global.json = global.json
		ServiceUrls.txt = ServiceUrls.txt
	EndProjectSection
EndProject
Project("{2150E333-8FDC-42A3-9474-1A3956D46DE8}") = "ApiGateways", "ApiGateways", "{3921CF0D-25BA-4D5E-8A60-B34F53C9CCFE}"
EndProject
Project("{2150E333-8FDC-42A3-9474-1A3956D46DE8}") = "BuildingBlocks", "BuildingBlocks", "{D470AE6A-8F4E-44B5-A72D-A3D84FBC1AD3}"
EndProject
Project("{2150E333-8FDC-42A3-9474-1A3956D46DE8}") = "Services", "Services", "{A9398FA0-680E-4775-93A7-82ECC3AB4C18}"
EndProject
Project("{2150E333-8FDC-42A3-9474-1A3956D46DE8}") = "Clients", "Clients", "{10083829-B8EC-4F15-8E26-518535251209}"
EndProject
Project("{2150E333-8FDC-42A3-9474-1A3956D46DE8}") = "WebApiGateway", "WebApiGateway", "{AF2A2164-E7A3-4E7E-B9C7-C551596AF3BF}"
EndProject
Project("{FAE04EC0-301F-11D3-BF4B-00C04F79EFBC}") = "Web.ApiGateway", "src\ApiGateways\WebApiGateway\Web.ApiGateway\Web.ApiGateway.csproj", "{0B1EBB5C-C221-4CF8-9A91-7AFDE33E5C87}"
EndProject
Project("{2150E333-8FDC-42A3-9474-1A3956D46DE8}") = "EventBus", "EventBus", "{6095AD8A-A47B-48CC-B1AC-2C5D8C12A6FB}"
EndProject
Project("{FAE04EC0-301F-11D3-BF4B-00C04F79EFBC}") = "EventBus.Base", "src\BuildingBlocks\EventBus\EventBus.Base\EventBus.Base.csproj", "{096B614B-5E18-4DF6-9E51-556268E02590}"
EndProject
Project("{FAE04EC0-301F-11D3-BF4B-00C04F79EFBC}") = "EventBus.Factory", "src\BuildingBlocks\EventBus\EventBus.Factory\EventBus.Factory.csproj", "{471AF748-5362-46BB-B93C-465BD8D704C8}"
EndProject
Project("{FAE04EC0-301F-11D3-BF4B-00C04F79EFBC}") = "EventBus.AzureServiceBus", "src\BuildingBlocks\EventBus\EventBus.AzureServiceBus\EventBus.AzureServiceBus.csproj", "{30F8DEA1-0256-4E38-8EB9-389D3DD95F95}"
EndProject
Project("{FAE04EC0-301F-11D3-BF4B-00C04F79EFBC}") = "EventBus.RabbitMQ", "src\BuildingBlocks\EventBus\EventBus.RabbitMQ\EventBus.RabbitMQ.csproj", "{9193B464-B301-4010-8980-9496E4BEB1CA}"
EndProject
Project("{2150E333-8FDC-42A3-9474-1A3956D46DE8}") = "MVCWebApp", "MVCWebApp", "{39998EAE-6E28-4712-8681-EC58C505B205}"
EndProject
Project("{2150E333-8FDC-42A3-9474-1A3956D46DE8}") = "BasketService", "BasketService", "{BF2DC27D-0BFD-4823-B7F4-5899F92CCA8E}"
EndProject
Project("{FAE04EC0-301F-11D3-BF4B-00C04F79EFBC}") = "BasketService.Api", "src\Services\BasketService\BasketService.Api\BasketService.Api.csproj", "{A150BB9D-4A42-454D-A661-0CAF4AC3DA26}"
EndProject
Project("{FAE04EC0-301F-11D3-BF4B-00C04F79EFBC}") = "WebApp", "src\Client\MVCWebApp\WebApp\WebApp.csproj", "{EE05083D-BCCC-4D85-8354-57CC4CDF1198}"
EndProject
Project("{2150E333-8FDC-42A3-9474-1A3956D46DE8}") = "CatalogService", "CatalogService", "{75916248-4489-4562-AE9C-FEBE2713E1AD}"
EndProject
Project("{FAE04EC0-301F-11D3-BF4B-00C04F79EFBC}") = "CatalogService.Api", "src\Services\CatalogService\CatalogService.Api\CatalogService.Api.csproj", "{AE5C09D9-DF4A-4913-8CD0-1EED84FBA33C}"
EndProject
Project("{2150E333-8FDC-42A3-9474-1A3956D46DE8}") = "IdentityService", "IdentityService", "{EEC8AEEE-97D8-495F-83D5-10566094A6A9}"
EndProject
Project("{FAE04EC0-301F-11D3-BF4B-00C04F79EFBC}") = "IdentityService.Api", "src\Services\IdentityService\IdentityService.Api\IdentityService.Api.csproj", "{57C00BCA-9230-4B4A-AC9D-34D2AFB96DD3}"
EndProject
Project("{2150E333-8FDC-42A3-9474-1A3956D46DE8}") = "NotificationService", "NotificationService", "{AE5CC2B3-5E00-4AC9-829F-87F6F49B6D72}"
EndProject
Project("{FAE04EC0-301F-11D3-BF4B-00C04F79EFBC}") = "NotificationService", "src\Services\NotificationService\NotificationService\NotificationService.csproj", "{236348AB-B2B8-4E17-96E2-A46DB867CFE0}"
EndProject
Project("{2150E333-8FDC-42A3-9474-1A3956D46DE8}") = "OrderService", "OrderService", "{E1422B6F-02AF-459E-989C-DF6F65271FD4}"
EndProject
Project("{FAE04EC0-301F-11D3-BF4B-00C04F79EFBC}") = "OrderService.Domain", "src\Services\OrderService\OrderService.Domain\OrderService.Domain.csproj", "{8473331B-C9D6-46AA-B34B-93D2863FBCAD}"
EndProject
Project("{FAE04EC0-301F-11D3-BF4B-00C04F79EFBC}") = "OrderService.Application", "src\Services\OrderService\OrderService.Application\OrderService.Application.csproj", "{BA05A128-1C3D-4191-B476-DB5DFF85DA42}"
EndProject
Project("{FAE04EC0-301F-11D3-BF4B-00C04F79EFBC}") = "OrderService.Infrastructure", "src\Services\OrderService\OrderService.Infrastructure\OrderService.Infrastructure.csproj", "{0A4FE167-99F4-497F-BDD6-96DD3AD995DB}"
EndProject
Project("{FAE04EC0-301F-11D3-BF4B-00C04F79EFBC}") = "OrderService.Api", "src\Services\OrderService\OrderService.Api\OrderService.Api.csproj", "{231767B1-1B1A-4B1F-B1A0-B2E98F24B137}"
EndProject
Project("{2150E333-8FDC-42A3-9474-1A3956D46DE8}") = "PaymentService", "PaymentService", "{05FD53F8-32EA-4D43-8A92-7F83F830C143}"
EndProject
Project("{FAE04EC0-301F-11D3-BF4B-00C04F79EFBC}") = "PaymentService.Api", "src\Services\PaymentService\PaymentService.Api\PaymentService.Api.csproj", "{C4B2F637-B386-4841-95D0-FB655E66ADDE}"
EndProject
Project("{2150E333-8FDC-42A3-9474-1A3956D46DE8}") = "tests", "tests", "{17ABC0C7-3129-4AD6-B7DE-8DD8E5AC0F19}"
EndProject
Project("{2150E333-8FDC-42A3-9474-1A3956D46DE8}") = "BuildingBlocks", "BuildingBlocks", "{FE28D8E2-CBFC-4D02-AA28-1D4B43135468}"
EndProject
Project("{FAE04EC0-301F-11D3-BF4B-00C04F79EFBC}") = "EventBus.UnitTest", "tests\BuildingBlocks\EventBus.UnitTest\EventBus.UnitTest.csproj", "{C05B3F1B-21E4-434E-8965-133E54699966}"
EndProject
Project("{FAE04EC0-301F-11D3-BF4B-00C04F79EFBC}") = "ServiceDefaults", "src\Services\ServiceDefaults\ServiceDefaults.csproj", "{F653E6A8-4F33-4E3E-A0AD-9F7028977456}"
EndProject
Project("{FAE04EC0-301F-11D3-BF4B-00C04F79EFBC}") = "BasketService.UnitTest", "tests\BasketService.UnitTest\BasketService.UnitTest.csproj", "{DCC0C737-114A-4794-A3A7-33C5EF46F068}"
EndProject
Global
	GlobalSection(SolutionConfigurationPlatforms) = preSolution
		Debug|Any CPU = Debug|Any CPU
		Release|Any CPU = Release|Any CPU
	EndGlobalSection
	GlobalSection(ProjectConfigurationPlatforms) = postSolution
		{0B1EBB5C-C221-4CF8-9A91-7AFDE33E5C87}.Debug|Any CPU.ActiveCfg = Debug|Any CPU
		{0B1EBB5C-C221-4CF8-9A91-7AFDE33E5C87}.Debug|Any CPU.Build.0 = Debug|Any CPU
		{0B1EBB5C-C221-4CF8-9A91-7AFDE33E5C87}.Release|Any CPU.ActiveCfg = Release|Any CPU
		{0B1EBB5C-C221-4CF8-9A91-7AFDE33E5C87}.Release|Any CPU.Build.0 = Release|Any CPU
		{096B614B-5E18-4DF6-9E51-556268E02590}.Debug|Any CPU.ActiveCfg = Debug|Any CPU
		{096B614B-5E18-4DF6-9E51-556268E02590}.Debug|Any CPU.Build.0 = Debug|Any CPU
		{096B614B-5E18-4DF6-9E51-556268E02590}.Release|Any CPU.ActiveCfg = Release|Any CPU
		{096B614B-5E18-4DF6-9E51-556268E02590}.Release|Any CPU.Build.0 = Release|Any CPU
		{471AF748-5362-46BB-B93C-465BD8D704C8}.Debug|Any CPU.ActiveCfg = Debug|Any CPU
		{471AF748-5362-46BB-B93C-465BD8D704C8}.Debug|Any CPU.Build.0 = Debug|Any CPU
		{471AF748-5362-46BB-B93C-465BD8D704C8}.Release|Any CPU.ActiveCfg = Release|Any CPU
		{471AF748-5362-46BB-B93C-465BD8D704C8}.Release|Any CPU.Build.0 = Release|Any CPU
		{30F8DEA1-0256-4E38-8EB9-389D3DD95F95}.Debug|Any CPU.ActiveCfg = Debug|Any CPU
		{30F8DEA1-0256-4E38-8EB9-389D3DD95F95}.Debug|Any CPU.Build.0 = Debug|Any CPU
		{30F8DEA1-0256-4E38-8EB9-389D3DD95F95}.Release|Any CPU.ActiveCfg = Release|Any CPU
		{30F8DEA1-0256-4E38-8EB9-389D3DD95F95}.Release|Any CPU.Build.0 = Release|Any CPU
		{9193B464-B301-4010-8980-9496E4BEB1CA}.Debug|Any CPU.ActiveCfg = Debug|Any CPU
		{9193B464-B301-4010-8980-9496E4BEB1CA}.Debug|Any CPU.Build.0 = Debug|Any CPU
		{9193B464-B301-4010-8980-9496E4BEB1CA}.Release|Any CPU.ActiveCfg = Release|Any CPU
		{9193B464-B301-4010-8980-9496E4BEB1CA}.Release|Any CPU.Build.0 = Release|Any CPU
		{A150BB9D-4A42-454D-A661-0CAF4AC3DA26}.Debug|Any CPU.ActiveCfg = Debug|Any CPU
		{A150BB9D-4A42-454D-A661-0CAF4AC3DA26}.Debug|Any CPU.Build.0 = Debug|Any CPU
		{A150BB9D-4A42-454D-A661-0CAF4AC3DA26}.Release|Any CPU.ActiveCfg = Release|Any CPU
		{A150BB9D-4A42-454D-A661-0CAF4AC3DA26}.Release|Any CPU.Build.0 = Release|Any CPU
		{EE05083D-BCCC-4D85-8354-57CC4CDF1198}.Debug|Any CPU.ActiveCfg = Debug|Any CPU
		{EE05083D-BCCC-4D85-8354-57CC4CDF1198}.Debug|Any CPU.Build.0 = Debug|Any CPU
		{EE05083D-BCCC-4D85-8354-57CC4CDF1198}.Release|Any CPU.ActiveCfg = Release|Any CPU
		{EE05083D-BCCC-4D85-8354-57CC4CDF1198}.Release|Any CPU.Build.0 = Release|Any CPU
		{AE5C09D9-DF4A-4913-8CD0-1EED84FBA33C}.Debug|Any CPU.ActiveCfg = Debug|Any CPU
		{AE5C09D9-DF4A-4913-8CD0-1EED84FBA33C}.Debug|Any CPU.Build.0 = Debug|Any CPU
		{AE5C09D9-DF4A-4913-8CD0-1EED84FBA33C}.Release|Any CPU.ActiveCfg = Release|Any CPU
		{AE5C09D9-DF4A-4913-8CD0-1EED84FBA33C}.Release|Any CPU.Build.0 = Release|Any CPU
		{57C00BCA-9230-4B4A-AC9D-34D2AFB96DD3}.Debug|Any CPU.ActiveCfg = Debug|Any CPU
		{57C00BCA-9230-4B4A-AC9D-34D2AFB96DD3}.Debug|Any CPU.Build.0 = Debug|Any CPU
		{57C00BCA-9230-4B4A-AC9D-34D2AFB96DD3}.Release|Any CPU.ActiveCfg = Release|Any CPU
		{57C00BCA-9230-4B4A-AC9D-34D2AFB96DD3}.Release|Any CPU.Build.0 = Release|Any CPU
		{236348AB-B2B8-4E17-96E2-A46DB867CFE0}.Debug|Any CPU.ActiveCfg = Debug|Any CPU
		{236348AB-B2B8-4E17-96E2-A46DB867CFE0}.Debug|Any CPU.Build.0 = Debug|Any CPU
		{236348AB-B2B8-4E17-96E2-A46DB867CFE0}.Release|Any CPU.ActiveCfg = Release|Any CPU
		{236348AB-B2B8-4E17-96E2-A46DB867CFE0}.Release|Any CPU.Build.0 = Release|Any CPU
		{8473331B-C9D6-46AA-B34B-93D2863FBCAD}.Debug|Any CPU.ActiveCfg = Debug|Any CPU
		{8473331B-C9D6-46AA-B34B-93D2863FBCAD}.Debug|Any CPU.Build.0 = Debug|Any CPU
		{8473331B-C9D6-46AA-B34B-93D2863FBCAD}.Release|Any CPU.ActiveCfg = Release|Any CPU
		{8473331B-C9D6-46AA-B34B-93D2863FBCAD}.Release|Any CPU.Build.0 = Release|Any CPU
		{BA05A128-1C3D-4191-B476-DB5DFF85DA42}.Debug|Any CPU.ActiveCfg = Debug|Any CPU
		{BA05A128-1C3D-4191-B476-DB5DFF85DA42}.Debug|Any CPU.Build.0 = Debug|Any CPU
		{BA05A128-1C3D-4191-B476-DB5DFF85DA42}.Release|Any CPU.ActiveCfg = Release|Any CPU
		{BA05A128-1C3D-4191-B476-DB5DFF85DA42}.Release|Any CPU.Build.0 = Release|Any CPU
		{0A4FE167-99F4-497F-BDD6-96DD3AD995DB}.Debug|Any CPU.ActiveCfg = Debug|Any CPU
		{0A4FE167-99F4-497F-BDD6-96DD3AD995DB}.Debug|Any CPU.Build.0 = Debug|Any CPU
		{0A4FE167-99F4-497F-BDD6-96DD3AD995DB}.Release|Any CPU.ActiveCfg = Release|Any CPU
		{0A4FE167-99F4-497F-BDD6-96DD3AD995DB}.Release|Any CPU.Build.0 = Release|Any CPU
		{231767B1-1B1A-4B1F-B1A0-B2E98F24B137}.Debug|Any CPU.ActiveCfg = Debug|Any CPU
		{231767B1-1B1A-4B1F-B1A0-B2E98F24B137}.Debug|Any CPU.Build.0 = Debug|Any CPU
		{231767B1-1B1A-4B1F-B1A0-B2E98F24B137}.Release|Any CPU.ActiveCfg = Release|Any CPU
		{231767B1-1B1A-4B1F-B1A0-B2E98F24B137}.Release|Any CPU.Build.0 = Release|Any CPU
		{C4B2F637-B386-4841-95D0-FB655E66ADDE}.Debug|Any CPU.ActiveCfg = Debug|Any CPU
		{C4B2F637-B386-4841-95D0-FB655E66ADDE}.Debug|Any CPU.Build.0 = Debug|Any CPU
		{C4B2F637-B386-4841-95D0-FB655E66ADDE}.Release|Any CPU.ActiveCfg = Release|Any CPU
		{C4B2F637-B386-4841-95D0-FB655E66ADDE}.Release|Any CPU.Build.0 = Release|Any CPU
		{C05B3F1B-21E4-434E-8965-133E54699966}.Debug|Any CPU.ActiveCfg = Debug|Any CPU
		{C05B3F1B-21E4-434E-8965-133E54699966}.Debug|Any CPU.Build.0 = Debug|Any CPU
		{C05B3F1B-21E4-434E-8965-133E54699966}.Release|Any CPU.ActiveCfg = Release|Any CPU
		{C05B3F1B-21E4-434E-8965-133E54699966}.Release|Any CPU.Build.0 = Release|Any CPU
		{F653E6A8-4F33-4E3E-A0AD-9F7028977456}.Debug|Any CPU.ActiveCfg = Debug|Any CPU
		{F653E6A8-4F33-4E3E-A0AD-9F7028977456}.Debug|Any CPU.Build.0 = Debug|Any CPU
		{F653E6A8-4F33-4E3E-A0AD-9F7028977456}.Release|Any CPU.ActiveCfg = Release|Any CPU
		{F653E6A8-4F33-4E3E-A0AD-9F7028977456}.Release|Any CPU.Build.0 = Release|Any CPU
		{DCC0C737-114A-4794-A3A7-33C5EF46F068}.Debug|Any CPU.ActiveCfg = Debug|Any CPU
		{DCC0C737-114A-4794-A3A7-33C5EF46F068}.Debug|Any CPU.Build.0 = Debug|Any CPU
		{DCC0C737-114A-4794-A3A7-33C5EF46F068}.Release|Any CPU.ActiveCfg = Release|Any CPU
		{DCC0C737-114A-4794-A3A7-33C5EF46F068}.Release|Any CPU.Build.0 = Release|Any CPU
	EndGlobalSection
	GlobalSection(SolutionProperties) = preSolution
		HideSolutionNode = FALSE
	EndGlobalSection
	GlobalSection(NestedProjects) = preSolution
		{3921CF0D-25BA-4D5E-8A60-B34F53C9CCFE} = {02EA681E-C7D8-13C7-8484-4AC65E1B71E8}
		{D470AE6A-8F4E-44B5-A72D-A3D84FBC1AD3} = {02EA681E-C7D8-13C7-8484-4AC65E1B71E8}
		{A9398FA0-680E-4775-93A7-82ECC3AB4C18} = {02EA681E-C7D8-13C7-8484-4AC65E1B71E8}
		{10083829-B8EC-4F15-8E26-518535251209} = {02EA681E-C7D8-13C7-8484-4AC65E1B71E8}
		{AF2A2164-E7A3-4E7E-B9C7-C551596AF3BF} = {3921CF0D-25BA-4D5E-8A60-B34F53C9CCFE}
		{0B1EBB5C-C221-4CF8-9A91-7AFDE33E5C87} = {AF2A2164-E7A3-4E7E-B9C7-C551596AF3BF}
		{6095AD8A-A47B-48CC-B1AC-2C5D8C12A6FB} = {D470AE6A-8F4E-44B5-A72D-A3D84FBC1AD3}
		{096B614B-5E18-4DF6-9E51-556268E02590} = {6095AD8A-A47B-48CC-B1AC-2C5D8C12A6FB}
		{471AF748-5362-46BB-B93C-465BD8D704C8} = {6095AD8A-A47B-48CC-B1AC-2C5D8C12A6FB}
		{30F8DEA1-0256-4E38-8EB9-389D3DD95F95} = {6095AD8A-A47B-48CC-B1AC-2C5D8C12A6FB}
		{9193B464-B301-4010-8980-9496E4BEB1CA} = {6095AD8A-A47B-48CC-B1AC-2C5D8C12A6FB}
		{39998EAE-6E28-4712-8681-EC58C505B205} = {10083829-B8EC-4F15-8E26-518535251209}
		{BF2DC27D-0BFD-4823-B7F4-5899F92CCA8E} = {A9398FA0-680E-4775-93A7-82ECC3AB4C18}
		{A150BB9D-4A42-454D-A661-0CAF4AC3DA26} = {BF2DC27D-0BFD-4823-B7F4-5899F92CCA8E}
		{EE05083D-BCCC-4D85-8354-57CC4CDF1198} = {39998EAE-6E28-4712-8681-EC58C505B205}
		{75916248-4489-4562-AE9C-FEBE2713E1AD} = {A9398FA0-680E-4775-93A7-82ECC3AB4C18}
		{AE5C09D9-DF4A-4913-8CD0-1EED84FBA33C} = {75916248-4489-4562-AE9C-FEBE2713E1AD}
		{EEC8AEEE-97D8-495F-83D5-10566094A6A9} = {A9398FA0-680E-4775-93A7-82ECC3AB4C18}
		{57C00BCA-9230-4B4A-AC9D-34D2AFB96DD3} = {EEC8AEEE-97D8-495F-83D5-10566094A6A9}
		{AE5CC2B3-5E00-4AC9-829F-87F6F49B6D72} = {A9398FA0-680E-4775-93A7-82ECC3AB4C18}
		{236348AB-B2B8-4E17-96E2-A46DB867CFE0} = {AE5CC2B3-5E00-4AC9-829F-87F6F49B6D72}
		{E1422B6F-02AF-459E-989C-DF6F65271FD4} = {A9398FA0-680E-4775-93A7-82ECC3AB4C18}
		{8473331B-C9D6-46AA-B34B-93D2863FBCAD} = {E1422B6F-02AF-459E-989C-DF6F65271FD4}
		{BA05A128-1C3D-4191-B476-DB5DFF85DA42} = {E1422B6F-02AF-459E-989C-DF6F65271FD4}
		{0A4FE167-99F4-497F-BDD6-96DD3AD995DB} = {E1422B6F-02AF-459E-989C-DF6F65271FD4}
		{231767B1-1B1A-4B1F-B1A0-B2E98F24B137} = {E1422B6F-02AF-459E-989C-DF6F65271FD4}
		{05FD53F8-32EA-4D43-8A92-7F83F830C143} = {A9398FA0-680E-4775-93A7-82ECC3AB4C18}
		{C4B2F637-B386-4841-95D0-FB655E66ADDE} = {05FD53F8-32EA-4D43-8A92-7F83F830C143}
		{FE28D8E2-CBFC-4D02-AA28-1D4B43135468} = {17ABC0C7-3129-4AD6-B7DE-8DD8E5AC0F19}
		{C05B3F1B-21E4-434E-8965-133E54699966} = {FE28D8E2-CBFC-4D02-AA28-1D4B43135468}
		{F653E6A8-4F33-4E3E-A0AD-9F7028977456} = {A9398FA0-680E-4775-93A7-82ECC3AB4C18}
		{DCC0C737-114A-4794-A3A7-33C5EF46F068} = {17ABC0C7-3129-4AD6-B7DE-8DD8E5AC0F19}
	EndGlobalSection
	GlobalSection(ExtensibilityGlobals) = postSolution
		SolutionGuid = {D31A4A15-774D-45B1-AAC2-687B4AB2577D}
	EndGlobalSection
EndGlobal
